{
  "name": "Bash_JSONPath.sh",
  "version": "1.0.0",
  "lockfileVersion": 2,
  "requires": true,
  "packages": {
    "": {
      "version": "1.0.0",
      "license": "ISC",
      "dependencies": {
        "jsonpath.sh": "^0.0.18"
      }
    },
    "node_modules/jsonpath.sh": {
      "version": "0.0.18",
      "resolved": "https://registry.npmjs.org/jsonpath.sh/-/jsonpath.sh-0.0.18.tgz",
      "integrity": "sha512-1VfkZdxykJjcluZr8JTiQJbUs2jCt4DDlHgEYlccVA3ND/X4RsC25iVqedJLlWIJ/3deK1/qoEYJ9Hi1JECiBQ=="
    }
  },
  "dependencies": {
    "jsonpath.sh": {
      "version": "0.0.18",
      "resolved": "https://registry.npmjs.org/jsonpath.sh/-/jsonpath.sh-0.0.18.tgz",
      "integrity": "sha512-1VfkZdxykJjcluZr8JTiQJbUs2jCt4DDlHgEYlccVA3ND/X4RsC25iVqedJLlWIJ/3deK1/qoEYJ9Hi1JECiBQ=="
    }
  }
}
