github.com/bhmj/jsonslice v0.0.0-20190911090204-ebc843a86e51 h1:7rblA0KDVcCYmetvGRO+DuyGmzK9q1BOyvgvOJiUAKE=
github.com/bhmj/jsonslice v0.0.0-20190911090204-ebc843a86e51/go.mod h1:blvNODZOz8uOvDJzGiXzoi8QlzcAhA57sMnKx1D18/k=
github.com/bhmj/jsonslice v0.0.0-20191129155716-76f2882319bf h1:igvN4oPO1L6Tn0PBnnpiW+rdaXF68Io3Tb4h3y0b1T4=
github.com/bhmj/jsonslice v0.0.0-20191129155716-76f2882319bf/go.mod h1:blvNODZOz8uOvDJzGiXzoi8QlzcAhA57sMnKx1D18/k=
github.com/bhmj/jsonslice v0.0.0-20191207122356-cf83dd40b7bf h1:NsSpvHecdk6OC18Y1rpqcdrlkvrr3wcOHQ8vGLe838M=
github.com/bhmj/jsonslice v0.0.0-20191207122356-cf83dd40b7bf/go.mod h1:blvNODZOz8uOvDJzGiXzoi8QlzcAhA57sMnKx1D18/k=
github.com/bhmj/jsonslice v0.0.0-20191215235309-da02ec77a406 h1:xJpgLW2DL+ZSGF+sDpmaySkfA8yknX1moKvZEd2ZzeI=
github.com/bhmj/jsonslice v0.0.0-20191215235309-da02ec77a406/go.mod h1:blvNODZOz8uOvDJzGiXzoi8QlzcAhA57sMnKx1D18/k=
github.com/bhmj/jsonslice v0.0.0-20191224143743-ee6d2730b10a h1:YFfKzXujgoTr4Z3yP2bpKomgahMOCWBlaijaNmPzS+A=
github.com/bhmj/jsonslice v0.0.0-20191224143743-ee6d2730b10a/go.mod h1:blvNODZOz8uOvDJzGiXzoi8QlzcAhA57sMnKx1D18/k=
github.com/bhmj/jsonslice v0.0.0-20200323023432-92c3edaad8e2 h1:11xwzvvHBTyUMCD7infJV2SXSaVyp9ZXK9QgfV6Jfss=
github.com/bhmj/jsonslice v0.0.0-20200323023432-92c3edaad8e2/go.mod h1:blvNODZOz8uOvDJzGiXzoi8QlzcAhA57sMnKx1D18/k=
github.com/bhmj/jsonslice v0.0.0-20200507101114-bc37219df21b h1:jl6IPYFWFCMzuIctJXGSrZAHpbDZuEJ+xPh5WP5Ac88=
github.com/bhmj/jsonslice v0.0.0-20200507101114-bc37219df21b/go.mod h1:blvNODZOz8uOvDJzGiXzoi8QlzcAhA57sMnKx1D18/k=
github.com/bhmj/jsonslice v1.0.4 h1:LNcasASOrTes1+J313kCGSBH44Ad3r/bAOOlF0dEAiM=
github.com/bhmj/jsonslice v1.0.4/go.mod h1:blvNODZOz8uOvDJzGiXzoi8QlzcAhA57sMnKx1D18/k=
github.com/bhmj/jsonslice v1.0.5 h1:Sq5aqXdQ3PZYiTqqRnqpmvTDZfDkUBrqEhQ75HhqP8c=
github.com/bhmj/jsonslice v1.0.5/go.mod h1:blvNODZOz8uOvDJzGiXzoi8QlzcAhA57sMnKx1D18/k=
github.com/bhmj/jsonslice v1.0.6 h1:OXjo7iJjdLoH+4cyvyyaLhYds/S64go5TanUp8jVYZo=
github.com/bhmj/jsonslice v1.0.6/go.mod h1:blvNODZOz8uOvDJzGiXzoi8QlzcAhA57sMnKx1D18/k=
github.com/bhmj/jsonslice v1.1.1 h1:ePHvvTnhVDsliw648sYSmAfN7qP19DIk795hjATt43Y=
github.com/bhmj/jsonslice v1.1.1/go.mod h1:ybnCtZe26BZTlWDqmwjIAGRuh0MqoB3e4lO+ED+eWK8=
github.com/bhmj/jsonslice v1.1.2 h1:Lzen2S9iG3HsESpiIAnTM7Obs1QiTz83ZXa5YrpTTWI=
github.com/bhmj/jsonslice v1.1.2/go.mod h1:O3ZoA0zdEefdbk1dkU5aWPOA36zQhhS/HV6RQFLTlnU=
github.com/bhmj/readline v0.0.0-20220705162457-b109d6dec1af/go.mod h1:mT/+5iXLVS567ObbD2EUub7BS1hnb+o8Sz2CmVNJFf4=
github.com/bhmj/xpression v0.9.0 h1:fptQyWeYLUybLW3BnSGBnBvjZPdR0/j/SwFVrfenZLo=
github.com/bhmj/xpression v0.9.0/go.mod h1:j9oYmEXJjeL9mrgW1+ZDBKJXnbupsCPGhlO9J5YhS1Q=
github.com/bhmj/xpression v0.9.1 h1:N7bX/nWx9oFi/zsiMTx2ehoRApTDAWdQadq/5o2wMGk=
github.com/bhmj/xpression v0.9.1/go.mod h1:j9oYmEXJjeL9mrgW1+ZDBKJXnbupsCPGhlO9J5YhS1Q=
github.com/bhmj/xpression v0.9.2 h1:r9sc5FPFYuI945tFiuYQySaAWw78E7n9ZZqmetCdklM=
github.com/bhmj/xpression v0.9.2/go.mod h1:j9oYmEXJjeL9mrgW1+ZDBKJXnbupsCPGhlO9J5YhS1Q=
github.com/bhmj/xpression v0.9.3 h1:oRKhZ6HQafiQM0nYwLAzarrl7Momn3b25zKclb4HZl8=
github.com/bhmj/xpression v0.9.3/go.mod h1:3PoaJjYmCSJcihLbxvwW9poO2dvBcPm3V+NjjhIlZwE=
github.com/pkg/term v1.1.0/go.mod h1:E25nymQcrSllhX42Ok8MRm1+hyBdHY0dCeiKZ9jpNGw=
golang.org/x/sys v0.0.0-20200909081042-eff7692f9009/go.mod h1:h1NjWce9XRLGQEsW7wpKNCjG9DtNlClVuFLEZdDNbEs=
