github.com/bhmj/jsonslice v0.0.0-20190911090204-ebc843a86e51 h1:7rblA0KDVcCYmetvGRO+DuyGmzK9q1BOyvgvOJiUAKE=
github.com/bhmj/jsonslice v0.0.0-20190911090204-ebc843a86e51/go.mod h1:blvNODZOz8uOvDJzGiXzoi8QlzcAhA57sMnKx1D18/k=
github.com/bhmj/jsonslice v0.0.0-20191129155716-76f2882319bf h1:igvN4oPO1L6Tn0PBnnpiW+rdaXF68Io3Tb4h3y0b1T4=
github.com/bhmj/jsonslice v0.0.0-20191129155716-76f2882319bf/go.mod h1:blvNODZOz8uOvDJzGiXzoi8QlzcAhA57sMnKx1D18/k=
github.com/bhmj/jsonslice v0.0.0-20191207122356-cf83dd40b7bf h1:NsSpvHecdk6OC18Y1rpqcdrlkvrr3wcOHQ8vGLe838M=
github.com/bhmj/jsonslice v0.0.0-20191207122356-cf83dd40b7bf/go.mod h1:blvNODZOz8uOvDJzGiXzoi8QlzcAhA57sMnKx1D18/k=
github.com/bhmj/jsonslice v0.0.0-20191215235309-da02ec77a406 h1:xJpgLW2DL+ZSGF+sDpmaySkfA8yknX1moKvZEd2ZzeI=
github.com/bhmj/jsonslice v0.0.0-20191215235309-da02ec77a406/go.mod h1:blvNODZOz8uOvDJzGiXzoi8QlzcAhA57sMnKx1D18/k=
github.com/bhmj/jsonslice v0.0.0-20191224143743-ee6d2730b10a h1:YFfKzXujgoTr4Z3yP2bpKomgahMOCWBlaijaNmPzS+A=
github.com/bhmj/jsonslice v0.0.0-20191224143743-ee6d2730b10a/go.mod h1:blvNODZOz8uOvDJzGiXzoi8QlzcAhA57sMnKx1D18/k=
github.com/bhmj/jsonslice v0.0.0-20200323023432-92c3edaad8e2 h1:11xwzvvHBTyUMCD7infJV2SXSaVyp9ZXK9QgfV6Jfss=
github.com/bhmj/jsonslice v0.0.0-20200323023432-92c3edaad8e2/go.mod h1:blvNODZOz8uOvDJzGiXzoi8QlzcAhA57sMnKx1D18/k=
github.com/bhmj/jsonslice v0.0.0-20200507101114-bc37219df21b h1:jl6IPYFWFCMzuIctJXGSrZAHpbDZuEJ+xPh5WP5Ac88=
github.com/bhmj/jsonslice v0.0.0-20200507101114-bc37219df21b/go.mod h1:blvNODZOz8uOvDJzGiXzoi8QlzcAhA57sMnKx1D18/k=
