github.com/oliveagle/jsonpath v0.0.0-20180606110733-2e52cf6e6852 h1:Yl0tPBa8QPjGmesFh1D0rDy+q1Twx6FyU7VWHi8wZbI=
github.com/oliveagle/jsonpath v0.0.0-20180606110733-2e52cf6e6852/go.mod h1:eqOVx5Vwu4gd2mmMZvVZsgIqNSaW3xxRThUJ0k/TPk4=
github.com/oliveagle/jsonpath v0.1.4 h1:Sr/ffH5YSyQKjSNfvDFkQqAqh3kn/QxF/7j2jjpfOAI=
github.com/oliveagle/jsonpath v0.1.4/go.mod h1:diWEHhuLqib29heQcHYHyaLcxFC3KpKa/5ihkZBs1Z8=
