{
  "name": "javascript_jsonpathly",
  "version": "1.0.0",
  "lockfileVersion": 2,
  "requires": true,
  "packages": {
    "": {
      "name": "javascript_jsonpathly",
      "version": "1.0.0",
      "license": "ISC",
      "dependencies": {
        "jsonpathly": "^3.0.0"
      }
    },
    "node_modules/jsonpathly": {
      "version": "3.0.0",
      "resolved": "https://registry.npmjs.org/jsonpathly/-/jsonpathly-3.0.0.tgz",
      "integrity": "sha512-1MCCdv1BJpniRPyXC8x3ofJJyZ1DpVYZtw4dRJBYNW98q8H21hV55l2bfuOHKuSCBXLXl6fPre9jcBwJxjE+ZA==",
      "engines": {
        "node": ">=18"
      }
    }
  },
  "dependencies": {
    "jsonpathly": {
      "version": "3.0.0",
      "resolved": "https://registry.npmjs.org/jsonpathly/-/jsonpathly-3.0.0.tgz",
      "integrity": "sha512-1MCCdv1BJpniRPyXC8x3ofJJyZ1DpVYZtw4dRJBYNW98q8H21hV55l2bfuOHKuSCBXLXl6fPre9jcBwJxjE+ZA=="
    }
  }
}
