{
  "name": "javascript_jsonpathly",
  "version": "1.0.0",
  "lockfileVersion": 2,
  "requires": true,
  "packages": {
    "": {
      "name": "javascript_jsonpathly",
      "version": "1.0.0",
      "license": "ISC",
      "dependencies": {
        "jsonpathly": "^3.0.1"
      }
    },
    "node_modules/jsonpathly": {
      "version": "3.0.1",
      "resolved": "https://registry.npmjs.org/jsonpathly/-/jsonpathly-3.0.1.tgz",
      "integrity": "sha512-ONVgIN4lfYfcsTVB3RCg4uCosL4y6Q9+ok8jEobfyTRdcpN6HXzNi3mmsYj3S/pPGFcT1hJFX7HoKlzJr0jNTw==",
      "engines": {
        "node": ">=18"
      }
    }
  },
  "dependencies": {
    "jsonpathly": {
      "version": "3.0.1",
      "resolved": "https://registry.npmjs.org/jsonpathly/-/jsonpathly-3.0.1.tgz",
      "integrity": "sha512-ONVgIN4lfYfcsTVB3RCg4uCosL4y6Q9+ok8jEobfyTRdcpN6HXzNi3mmsYj3S/pPGFcT1hJFX7HoKlzJr0jNTw=="
    }
  }
}
