{
  "name": "javascript_jsonpathly",
  "version": "1.0.0",
  "lockfileVersion": 3,
  "requires": true,
  "packages": {
    "": {
      "name": "javascript_jsonpathly",
      "version": "1.0.0",
      "license": "ISC",
      "dependencies": {
        "jsonpathly": "^1.7.5"
      }
    },
    "node_modules/antlr4": {
      "version": "4.13.1",
      "resolved": "https://registry.npmjs.org/antlr4/-/antlr4-4.13.1.tgz",
      "integrity": "sha512-kiXTspaRYvnIArgE97z5YVVf/cDVQABr3abFRR6mE7yesLMkgu4ujuyV/sgxafQ8wgve0DJQUJ38Z8tkgA2izA==",
      "engines": {
        "node": ">=16"
      }
    },
    "node_modules/jsonpathly": {
      "version": "1.7.5",
      "resolved": "https://registry.npmjs.org/jsonpathly/-/jsonpathly-1.7.5.tgz",
      "integrity": "sha512-/gyDvxnTrwMPRDNsKKG5wNgRri8SlBCw84w210I2yl1AiPCmA7vyhWVe+dhobDatdc5hA6MUh1F5QhzazDttHg==",
      "dependencies": {
        "antlr4": "^4.10.1"
      }
    }
  }
}
