{
    "_readme": [
        "This file locks the dependencies of your project to a known state",
        "Read more about it at https://getcomposer.org/doc/01-basic-usage.md#installing-dependencies",
        "This file is @generated automatically"
    ],
    "content-hash": "04b76d3fb01566a2ecba856ea4115efa",
    "packages": [
        {
            "name": "softcreatr/jsonpath",
            "version": "1.0.0",
            "source": {
                "type": "git",
                "url": "https://github.com/SoftCreatR/JSONPath.git",
                "reference": "d6ccedfb3ea4a1855eec4005a5e09eee25fb5adb"
            },
            "dist": {
                "type": "zip",
                "url": "https://api.github.com/repos/SoftCreatR/JSONPath/zipball/d6ccedfb3ea4a1855eec4005a5e09eee25fb5adb",
                "reference": "d6ccedfb3ea4a1855eec4005a5e09eee25fb5adb",
                "shasum": ""
            },
            "require": {
                "ext-json": "*",
                "php": "^8.5"
            },
            "replace": {
                "flow/jsonpath": "*"
            },
            "require-dev": {
                "friendsofphp/php-cs-fixer": "^3.92",
                "phpstan/phpstan": "^2.1",
                "phpunit/phpunit": "^12",
                "squizlabs/php_codesniffer": "^4.0"
            },
            "type": "library",
            "autoload": {
                "psr-4": {
                    "Flow\\JSONPath\\": "src/"
                }
            },
            "notification-url": "https://packagist.org/downloads/",
            "license": [
                "MIT"
            ],
            "authors": [
                {
                    "name": "Stephen Frank",
                    "email": "stephen@flowsa.com",
                    "homepage": "https://prismaticbytes.com",
                    "role": "Developer"
                },
                {
                    "name": "Sascha Greuel",
                    "email": "hello@1-2.dev",
                    "homepage": "https://1-2.dev",
                    "role": "Developer"
                }
            ],
            "description": "JSONPath implementation for parsing, searching and flattening arrays",
            "support": {
                "email": "hello@1-2.dev",
                "forum": "https://github.com/SoftCreatR/JSONPath/discussions",
                "issues": "https://github.com/SoftCreatR/JSONPath/issues",
                "source": "https://github.com/SoftCreatR/JSONPath"
            },
            "funding": [
                {
                    "url": "https://ecologi.com/softcreatr?r=61212ab3fc69b8eb8a2014f4",
                    "type": "custom"
                },
                {
                    "url": "https://github.com/softcreatr",
                    "type": "github"
                }
            ],
            "time": "2025-12-18T16:23:10+00:00"
        }
    ],
    "packages-dev": [],
    "aliases": [],
    "minimum-stability": "stable",
    "stability-flags": {},
    "prefer-stable": false,
    "prefer-lowest": false,
    "platform": {},
    "platform-dev": {},
    "plugin-api-version": "2.9.0"
}
