{
    "_readme": [
        "This file locks the dependencies of your project to a known state",
        "Read more about it at https://getcomposer.org/doc/01-basic-usage.md#installing-dependencies",
        "This file is @generated automatically"
    ],
    "content-hash": "04b76d3fb01566a2ecba856ea4115efa",
    "packages": [
        {
            "name": "softcreatr/jsonpath",
            "version": "0.10.0",
            "source": {
                "type": "git",
                "url": "https://github.com/SoftCreatR/JSONPath.git",
                "reference": "74f0b330a98135160db947ba7bc65216b64a0c86"
            },
            "dist": {
                "type": "zip",
                "url": "https://api.github.com/repos/SoftCreatR/JSONPath/zipball/74f0b330a98135160db947ba7bc65216b64a0c86",
                "reference": "74f0b330a98135160db947ba7bc65216b64a0c86",
                "shasum": ""
            },
            "require": {
                "ext-json": "*",
                "php": "8.1 - 8.4"
            },
            "replace": {
                "flow/jsonpath": "*"
            },
            "require-dev": {
                "friendsofphp/php-cs-fixer": "^3.58",
                "phpunit/phpunit": "10 - 12",
                "squizlabs/php_codesniffer": "^3.10"
            },
            "type": "library",
            "autoload": {
                "psr-4": {
                    "Flow\\JSONPath\\": "src/"
                }
            },
            "notification-url": "https://packagist.org/downloads/",
            "license": [
                "MIT"
            ],
            "authors": [
                {
                    "name": "Stephen Frank",
                    "email": "stephen@flowsa.com",
                    "homepage": "https://prismaticbytes.com",
                    "role": "Developer"
                },
                {
                    "name": "Sascha Greuel",
                    "email": "hello@1-2.dev",
                    "homepage": "https://1-2.dev",
                    "role": "Developer"
                }
            ],
            "description": "JSONPath implementation for parsing, searching and flattening arrays",
            "support": {
                "email": "hello@1-2.dev",
                "forum": "https://github.com/SoftCreatR/JSONPath/discussions",
                "issues": "https://github.com/SoftCreatR/JSONPath/issues",
                "source": "https://github.com/SoftCreatR/JSONPath"
            },
            "funding": [
                {
                    "url": "https://ecologi.com/softcreatr?r=61212ab3fc69b8eb8a2014f4",
                    "type": "custom"
                },
                {
                    "url": "https://github.com/softcreatr",
                    "type": "github"
                }
            ],
            "time": "2025-03-22T00:28:17+00:00"
        }
    ],
    "packages-dev": [],
    "aliases": [],
    "minimum-stability": "stable",
    "stability-flags": [],
    "prefer-stable": false,
    "prefer-lowest": false,
    "platform": [],
    "platform-dev": [],
    "plugin-api-version": "2.6.0"
}
