{
    "_readme": [
        "This file locks the dependencies of your project to a known state",
        "Read more about it at https://getcomposer.org/doc/01-basic-usage.md#installing-dependencies",
        "This file is @generated automatically"
    ],
    "content-hash": "04b76d3fb01566a2ecba856ea4115efa",
    "packages": [
        {
            "name": "softcreatr/jsonpath",
            "version": "0.8.2",
            "source": {
                "type": "git",
                "url": "https://github.com/SoftCreatR/JSONPath.git",
                "reference": "3a6108aa78e4944ea7d8dd846f9ae75a080b007b"
            },
            "dist": {
                "type": "zip",
                "url": "https://api.github.com/repos/SoftCreatR/JSONPath/zipball/3a6108aa78e4944ea7d8dd846f9ae75a080b007b",
                "reference": "3a6108aa78e4944ea7d8dd846f9ae75a080b007b",
                "shasum": ""
            },
            "require": {
                "ext-json": "*",
                "php": ">=8.0"
            },
            "replace": {
                "flow/jsonpath": "*"
            },
            "require-dev": {
                "phpunit/phpunit": "^9.6",
                "roave/security-advisories": "dev-latest"
            },
            "type": "library",
            "autoload": {
                "psr-4": {
                    "Flow\\JSONPath\\": "src/"
                }
            },
            "notification-url": "https://packagist.org/downloads/",
            "license": [
                "MIT"
            ],
            "authors": [
                {
                    "name": "Stephen Frank",
                    "email": "stephen@flowsa.com",
                    "homepage": "https://prismaticbytes.com",
                    "role": "Developer"
                },
                {
                    "name": "Sascha Greuel",
                    "email": "hello@1-2.dev",
                    "homepage": "https://1-2.dev",
                    "role": "Developer"
                }
            ],
            "description": "JSONPath implementation for parsing, searching and flattening arrays",
            "support": {
                "email": "hello@1-2.dev",
                "forum": "https://github.com/SoftCreatR/JSONPath/discussions",
                "issues": "https://github.com/SoftCreatR/JSONPath/issues",
                "source": "https://github.com/SoftCreatR/JSONPath"
            },
            "funding": [
                {
                    "url": "https://ecologi.com/softcreatr?r=61212ab3fc69b8eb8a2014f4",
                    "type": "custom"
                },
                {
                    "url": "https://github.com/softcreatr",
                    "type": "github"
                }
            ],
            "time": "2023-02-12T18:53:17+00:00"
        }
    ],
    "packages-dev": [],
    "aliases": [],
    "minimum-stability": "stable",
    "stability-flags": [],
    "prefer-stable": false,
    "prefer-lowest": false,
    "platform": [],
    "platform-dev": [],
    "plugin-api-version": "2.2.0"
}
