{
  "object": {
    "pins": [
      {
        "package": "Chronometer",
        "repositoryURL": "https://github.com/KittyMac/Chronometer.git",
        "state": {
          "branch": null,
          "revision": "5e6481a277db398a7a3989f54f83c06e01eb4b15",
          "version": "0.1.3"
        }
      },
      {
        "package": "Hitch",
        "repositoryURL": "https://github.com/KittyMac/Hitch.git",
        "state": {
          "branch": null,
          "revision": "a06f6a680415f32952c58fe991287576ca6defae",
          "version": "0.4.30"
        }
      },
      {
        "package": "Sextant",
        "repositoryURL": "https://github.com/KittyMac/Sextant.git",
        "state": {
          "branch": null,
          "revision": "58c6c0ca016ee743ecc69840b526a3715b145cd7",
          "version": "0.4.9"
        }
      },
      {
        "package": "Spanker",
        "repositoryURL": "https://github.com/KittyMac/Spanker.git",
        "state": {
          "branch": null,
          "revision": "b57e8aef16069f205ac74d5f2b27fa1224824a0c",
          "version": "0.2.19"
        }
      }
    ]
  },
  "version": 1
}
