{
  "object": {
    "pins": [
      {
        "package": "Hitch",
        "repositoryURL": "https://github.com/KittyMac/Hitch.git",
        "state": {
          "branch": "main",
          "revision": "aaece8ade93357a90a7c98cd5b0deec5b4389619",
          "version": null
        }
      },
      {
        "package": "Sextant",
        "repositoryURL": "https://github.com/KittyMac/Sextant.git",
        "state": {
          "branch": "main",
          "revision": "9424d00164e279fefad7238d9b2c7ff61941449a",
          "version": null
        }
      }
    ]
  },
  "version": 1
}
