{
    "_readme": [
        "This file locks the dependencies of your project to a known state",
        "Read more about it at https://getcomposer.org/doc/01-basic-usage.md#installing-dependencies",
        "This file is @generated automatically"
    ],
    "content-hash": "b611f89b8c106a39d949ed4b7e1636cb",
    "packages": [
        {
            "name": "flow/jsonpath",
            "version": "0.5.0",
            "source": {
                "type": "git",
                "url": "https://github.com/FlowCommunications/JSONPath.git",
                "reference": "b9738858c75d008c1211612b973e9510f8b7f8ea"
            },
            "dist": {
                "type": "zip",
                "url": "https://api.github.com/repos/FlowCommunications/JSONPath/zipball/b9738858c75d008c1211612b973e9510f8b7f8ea",
                "reference": "b9738858c75d008c1211612b973e9510f8b7f8ea",
                "shasum": ""
            },
            "require": {
                "php": ">=5.4.0"
            },
            "require-dev": {
                "peekmo/jsonpath": "dev-master",
                "phpunit/phpunit": "^7.0"
            },
            "type": "library",
            "autoload": {
                "psr-0": {
                    "Flow\\JSONPath": "src/",
                    "Flow\\JSONPath\\Test": "tests/"
                }
            },
            "notification-url": "https://packagist.org/downloads/",
            "license": [
                "MIT"
            ],
            "authors": [
                {
                    "name": "Stephen Frank",
                    "email": "stephen@flowsa.com"
                }
            ],
            "description": "JSONPath implementation for parsing, searching and flattening arrays",
            "time": "2019-07-15T17:23:22+00:00"
        }
    ],
    "packages-dev": [],
    "aliases": [],
    "minimum-stability": "stable",
    "stability-flags": [],
    "prefer-stable": false,
    "prefer-lowest": false,
    "platform": [],
    "platform-dev": [],
    "plugin-api-version": "1.1.0"
}
