{
    "_readme": [
        "This file locks the dependencies of your project to a known state",
        "Read more about it at https://getcomposer.org/doc/01-basic-usage.md#installing-dependencies",
        "This file is @generated automatically"
    ],
    "content-hash": "f34e0d009819552e230ca1a745165fa7",
    "packages": [
        {
            "name": "flow/jsonpath",
            "version": "0.4.0",
            "source": {
                "type": "git",
                "url": "https://github.com/FlowCommunications/JSONPath.git",
                "reference": "f0222818d5c938e4ab668ab2e2c079bd51a27112"
            },
            "dist": {
                "type": "zip",
                "url": "https://api.github.com/repos/FlowCommunications/JSONPath/zipball/f0222818d5c938e4ab668ab2e2c079bd51a27112",
                "reference": "f0222818d5c938e4ab668ab2e2c079bd51a27112",
                "shasum": ""
            },
            "require": {
                "php": ">=5.4.0"
            },
            "require-dev": {
                "peekmo/jsonpath": "dev-master",
                "phpunit/phpunit": "^4.0"
            },
            "type": "library",
            "autoload": {
                "psr-0": {
                    "Flow\\JSONPath": "src/",
                    "Flow\\JSONPath\\Test": "tests/"
                }
            },
            "notification-url": "https://packagist.org/downloads/",
            "license": [
                "MIT"
            ],
            "authors": [
                {
                    "name": "Stephen Frank",
                    "email": "stephen@flowsa.com"
                }
            ],
            "description": "JSONPath implementation for parsing, searching and flattening arrays",
            "time": "2018-03-04T16:39:47+00:00"
        }
    ],
    "packages-dev": [],
    "aliases": [],
    "minimum-stability": "stable",
    "stability-flags": [],
    "prefer-stable": false,
    "prefer-lowest": false,
    "platform": [],
    "platform-dev": [],
    "plugin-api-version": "1.1.0"
}
