{
    "_readme": [
        "This file locks the dependencies of your project to a known state",
        "Read more about it at https://getcomposer.org/doc/01-basic-usage.md#installing-dependencies",
        "This file is @generated automatically"
    ],
    "content-hash": "04b76d3fb01566a2ecba856ea4115efa",
    "packages": [
        {
            "name": "softcreatr/jsonpath",
            "version": "0.6.2",
            "source": {
                "type": "git",
                "url": "https://github.com/SoftCreatR/JSONPath.git",
                "reference": "47f1c8cdea312a79728fa55f0e391f3428b34625"
            },
            "dist": {
                "type": "zip",
                "url": "https://api.github.com/repos/SoftCreatR/JSONPath/zipball/47f1c8cdea312a79728fa55f0e391f3428b34625",
                "reference": "47f1c8cdea312a79728fa55f0e391f3428b34625",
                "shasum": ""
            },
            "require": {
                "ext-json": "*",
                "php": ">=7.1 || <8.1"
            },
            "replace": {
                "flow/jsonpath": "*"
            },
            "require-dev": {
                "phpunit/phpunit": "<7.0 || >= 10.0"
            },
            "type": "library",
            "autoload": {
                "psr-4": {
                    "Flow\\JSONPath\\": "src/"
                }
            },
            "notification-url": "https://packagist.org/downloads/",
            "license": [
                "MIT"
            ],
            "authors": [
                {
                    "name": "Stephen Frank",
                    "email": "stephen@flowsa.com",
                    "homepage": "https://prismaticbytes.com",
                    "role": "Developer"
                },
                {
                    "name": "Sascha Greuel",
                    "email": "hello@1-2.dev",
                    "homepage": "http://1-2.dev",
                    "role": "Developer"
                }
            ],
            "description": "JSONPath implementation for parsing, searching and flattening arrays",
            "funding": [
                {
                    "url": "https://github.com/softcreatr",
                    "type": "github"
                }
            ],
            "time": "2020-10-14T22:50:07+00:00"
        }
    ],
    "packages-dev": [],
    "aliases": [],
    "minimum-stability": "stable",
    "stability-flags": [],
    "prefer-stable": false,
    "prefer-lowest": false,
    "platform": [],
    "platform-dev": [],
    "plugin-api-version": "1.1.0"
}
