github.com/PaesslerAG/gval v1.0.0/go.mod h1:y/nm5yEyTeX6av0OfKJNp9rBNj2XrGhAf5+v24IBN1I=
github.com/PaesslerAG/jsonpath v0.1.0/go.mod h1:4BzmtoM/PI8fPO4aQGIusjGxGir2BzcV0grWtFzq1Y8=
github.com/PaesslerAG/jsonpath v0.1.1/go.mod h1:lVboNxFGal/VwW6d9JzIy56bUsYAP6tH/x80vjnCseY=
github.com/spyzhov/ajson v0.2.1 h1:Za4nWtiEcTp5w2R3+vJx/L/uCQMSAHpZhPNA4zlMAkc=
github.com/spyzhov/ajson v0.2.1/go.mod h1:63V+CGM6f1Bu/p4nLIN8885ojBdt88TbLoSFzyqMuVA=
github.com/spyzhov/ajson v0.2.2 h1:0XLE5/shvqJ4Q4mZ0+dAuquZld5+f1vci1DTDXiqcTU=
github.com/spyzhov/ajson v0.2.2/go.mod h1:63V+CGM6f1Bu/p4nLIN8885ojBdt88TbLoSFzyqMuVA=
github.com/spyzhov/ajson v0.2.3 h1:6V2jH45co73LWOlilkwJ0+YR9d2TViu5K8n35lE+nMU=
github.com/spyzhov/ajson v0.2.3/go.mod h1:63V+CGM6f1Bu/p4nLIN8885ojBdt88TbLoSFzyqMuVA=
github.com/spyzhov/ajson v0.2.4 h1:zxD2jqbEjgo+tnSac2AsDQzqmdEr+I9GEk7jpCaT+PU=
github.com/spyzhov/ajson v0.2.4/go.mod h1:63V+CGM6f1Bu/p4nLIN8885ojBdt88TbLoSFzyqMuVA=
