{
  "name": "javascript_json-p3",
  "version": "1.0.0",
  "lockfileVersion": 3,
  "requires": true,
  "packages": {
    "": {
      "name": "javascript_json-p3",
      "version": "1.0.0",
      "license": "ISC",
      "dependencies": {
        "json-p3": "^2.2.2"
      }
    },
    "node_modules/json-p3": {
      "version": "2.2.2",
      "resolved": "https://registry.npmjs.org/json-p3/-/json-p3-2.2.2.tgz",
      "integrity": "sha512-TmTgkx+C1ne8Wdm9dFQ4/jCeYYbSoeYJAkRpvTz6O+zWN1Dc3cKW8Mt52sa8mSRXy/+JykA5I6rmM+k8h+JRRg=="
    }
  }
}
