{
  "name": "javascript_json-p3",
  "version": "1.0.0",
  "lockfileVersion": 3,
  "requires": true,
  "packages": {
    "": {
      "name": "javascript_json-p3",
      "version": "1.0.0",
      "license": "ISC",
      "dependencies": {
        "json-p3": "^1.3.4"
      }
    },
    "node_modules/json-p3": {
      "version": "1.3.4",
      "resolved": "https://registry.npmjs.org/json-p3/-/json-p3-1.3.4.tgz",
      "integrity": "sha512-OA9AddO7g50v8GQLggJFrP6ewf2WG4TeguzrOzFZuXTJDATz6rGfFELUK5BF3pw7B7uAiVZ/Pc/1KpAihgkJtQ=="
    }
  }
}
