{
  "name": "javascript_json-p3",
  "version": "1.0.0",
  "lockfileVersion": 3,
  "requires": true,
  "packages": {
    "": {
      "name": "javascript_json-p3",
      "version": "1.0.0",
      "license": "ISC",
      "dependencies": {
        "json-p3": "^2.2.1"
      }
    },
    "node_modules/json-p3": {
      "version": "2.2.1",
      "resolved": "https://registry.npmjs.org/json-p3/-/json-p3-2.2.1.tgz",
      "integrity": "sha512-Rxb/mB6tQOqwLgWbvbMDPVNluDbveZWxd3jRp277J6oLJnXLPcUzrZF+w5HtVPyqhtsXICBMclE9D7AaQIbTUg=="
    }
  }
}
