{
    "_readme": [
        "This file locks the dependencies of your project to a known state",
        "Read more about it at https://getcomposer.org/doc/01-basic-usage.md#installing-dependencies",
        "This file is @generated automatically"
    ],
    "content-hash": "fb96af69882f3a9572046c3e6f16537d",
    "packages": [
        {
            "name": "galbar/jsonpath",
            "version": "1.0",
            "source": {
                "type": "git",
                "url": "https://github.com/Galbar/JsonPath-PHP.git",
                "reference": "d08d1efeadad3345257249e35e8cfd65f21256ae"
            },
            "dist": {
                "type": "zip",
                "url": "https://api.github.com/repos/Galbar/JsonPath-PHP/zipball/d08d1efeadad3345257249e35e8cfd65f21256ae",
                "reference": "d08d1efeadad3345257249e35e8cfd65f21256ae",
                "shasum": ""
            },
            "require": {
                "php": ">=5.4"
            },
            "require-dev": {
                "phpunit/phpunit": "~4.0",
                "sami/sami": ">=3.3.0",
                "satooshi/php-coveralls": ">=1.0.1"
            },
            "type": "library",
            "autoload": {
                "psr-0": {
                    "JsonPath\\": "src/Skyscanner/",
                    "Utilities\\": "src/Skyscanner/"
                }
            },
            "notification-url": "https://packagist.org/downloads/",
            "license": [
                "Apache 2.0"
            ],
            "authors": [
                {
                    "name": "Alessio Linares",
                    "email": "alessio.linares@skyscanner.net",
                    "role": "Software Engineer"
                }
            ],
            "description": "JSONPath implementation for querying and updating JSON objects",
            "keywords": [
                "json",
                "jsonpath",
                "path"
            ],
            "time": "2017-09-13T09:14:46+00:00"
        }
    ],
    "packages-dev": [],
    "aliases": [],
    "minimum-stability": "stable",
    "stability-flags": [],
    "prefer-stable": false,
    "prefer-lowest": false,
    "platform": [],
    "platform-dev": [],
    "plugin-api-version": "1.1.0"
}
