{
    "_readme": [
        "This file locks the dependencies of your project to a known state",
        "Read more about it at https://getcomposer.org/doc/01-basic-usage.md#installing-dependencies",
        "This file is @generated automatically"
    ],
    "content-hash": "d28264a9bea2640a7f4a8ecb3636aa5d",
    "packages": [
        {
            "name": "galbar/jsonpath",
            "version": "3.0",
            "source": {
                "type": "git",
                "url": "https://github.com/Galbar/JsonPath-PHP.git",
                "reference": "61bfdd51729ac95413aaf64112b93b6fb3dbd786"
            },
            "dist": {
                "type": "zip",
                "url": "https://api.github.com/repos/Galbar/JsonPath-PHP/zipball/61bfdd51729ac95413aaf64112b93b6fb3dbd786",
                "reference": "61bfdd51729ac95413aaf64112b93b6fb3dbd786",
                "shasum": ""
            },
            "require": {
                "php": ">=5.4"
            },
            "require-dev": {
                "phpunit/phpunit": "~4.0",
                "sami/sami": ">=3.3.0",
                "satooshi/php-coveralls": ">=1.0.1"
            },
            "type": "library",
            "autoload": {
                "psr-4": {
                    "JsonPath\\": "src/Galbar/JsonPath",
                    "Utilities\\": "src/Galbar/Utilities"
                }
            },
            "notification-url": "https://packagist.org/downloads/",
            "license": [
                "Apache-2.0"
            ],
            "authors": [
                {
                    "name": "Alessio Linares",
                    "email": "alessio@alessio.cc"
                }
            ],
            "description": "JSONPath implementation for querying and updating JSON objects",
            "keywords": [
                "json",
                "jsonpath",
                "path"
            ],
            "support": {
                "issues": "https://github.com/Galbar/JsonPath-PHP/issues",
                "source": "https://github.com/Galbar/JsonPath-PHP/tree/3.0"
            },
            "time": "2023-03-05T19:47:06+00:00"
        }
    ],
    "packages-dev": [],
    "aliases": [],
    "minimum-stability": "stable",
    "stability-flags": {},
    "prefer-stable": false,
    "prefer-lowest": false,
    "platform": {},
    "platform-dev": {},
    "plugin-api-version": "2.9.0"
}
