# Generated by pub
# See https://dart.dev/tools/pub/glossary#lockfile
packages:
  iregexp:
    dependency: transitive
    description:
      name: iregexp
      sha256: "143859dcaeecf6f683102786762d70a47ef8441a0d2287a158172d32d38799cf"
      url: "https://pub.dev"
    source: hosted
    version: "0.1.2"
  json_path:
    dependency: "direct main"
    description:
      name: json_path
      sha256: "93f2cb012eb37112e62d3b5e5eb535431beb4c2566a9c1987b079b13b308763b"
      url: "https://pub.dev"
    source: hosted
    version: "0.6.6"
  maybe_just_nothing:
    dependency: transitive
    description:
      name: maybe_just_nothing
      sha256: "0c06326e26d08f6ed43247404376366dc4d756cef23a4f1db765f546224c35e0"
      url: "https://pub.dev"
    source: hosted
    version: "0.5.3"
  meta:
    dependency: transitive
    description:
      name: meta
      sha256: a6e590c838b18133bb482a2745ad77c5bb7715fb0451209e1a7567d416678b8e
      url: "https://pub.dev"
    source: hosted
    version: "1.10.0"
  petitparser:
    dependency: transitive
    description:
      name: petitparser
      sha256: eeb2d1428ee7f4170e2bd498827296a18d4e7fc462b71727d111c0ac7707cfa6
      url: "https://pub.dev"
    source: hosted
    version: "6.0.1"
  rfc_6901:
    dependency: transitive
    description:
      name: rfc_6901
      sha256: df1bbfa3d023009598f19636d6114c6ac1e0b7bb7bf6a260f0e6e6ce91416820
      url: "https://pub.dev"
    source: hosted
    version: "0.2.0"
sdks:
  dart: ">=3.0.0 <4.0.0"
