{
  "name": "javascript_jsonpath-plus",
  "version": "1.0.0",
  "lockfileVersion": 1,
  "requires": true,
  "dependencies": {
    "jsonpath-plus": {
      "version": "5.0.4",
      "resolved": "https://registry.npmjs.org/jsonpath-plus/-/jsonpath-plus-5.0.4.tgz",
      "integrity": "sha512-w3pI3PewtwIrrGRCFvTkCkKu8IrOwjsqoYRxvxuXQjPB0udEtAuBY0B6/SEztsxMmuIHVHGFQ0knVnTCPW9qYw=="
    }
  }
}
