{
  "name": "javascript_jsonpath-plus",
  "version": "1.0.0",
  "lockfileVersion": 2,
  "requires": true,
  "packages": {
    "": {
      "name": "javascript_jsonpath-plus",
      "version": "1.0.0",
      "license": "ISC",
      "dependencies": {
        "jsonpath-plus": "^7.0.0"
      }
    },
    "node_modules/jsonpath-plus": {
      "version": "7.0.0",
      "resolved": "https://registry.npmjs.org/jsonpath-plus/-/jsonpath-plus-7.0.0.tgz",
      "integrity": "sha512-MH4UnrWrU1hJGVEyEyjvYgONkzNTO6Yol0nq18EMnUQ/ZC5cTuJheirXXIwu1b9mZ6t3XL0P79gPsu+zlTnDIQ==",
      "engines": {
        "node": ">=12.0.0"
      }
    }
  },
  "dependencies": {
    "jsonpath-plus": {
      "version": "7.0.0",
      "resolved": "https://registry.npmjs.org/jsonpath-plus/-/jsonpath-plus-7.0.0.tgz",
      "integrity": "sha512-MH4UnrWrU1hJGVEyEyjvYgONkzNTO6Yol0nq18EMnUQ/ZC5cTuJheirXXIwu1b9mZ6t3XL0P79gPsu+zlTnDIQ=="
    }
  }
}
