{
  "name": "javascript_jsonpath-plus",
  "version": "1.0.0",
  "lockfileVersion": 1,
  "requires": true,
  "dependencies": {
    "jsonpath-plus": {
      "version": "5.0.2",
      "resolved": "https://registry.npmjs.org/jsonpath-plus/-/jsonpath-plus-5.0.2.tgz",
      "integrity": "sha512-J1StEInJIb5INbUkzf/DM6mby0hEyU2o6kw+AUzrJnrgMunvDKdZgGFXEqH5qA2TVF3mVH7A6ZZQJpcNXXg90A=="
    }
  }
}
