{
  "name": "jsonpath-proposal",
  "version": "1.0.0",
  "lockfileVersion": 1,
  "requires": true,
  "dependencies": {
    "@babel/runtime": {
      "version": "7.9.2",
      "resolved": "https://registry.npmjs.org/@babel/runtime/-/runtime-7.9.2.tgz",
      "integrity": "sha512-NE2DtOdufG7R5vnfQUTehdTfNycfUANEtCa9PssN9O/xmTzP4E08UI797ixaei6hBEVL9BI/PsdJS5x7mWoB9Q==",
      "dev": true,
      "requires": {
        "regenerator-runtime": "^0.13.4"
      }
    },
    "node-getopt": {
      "version": "0.2.4",
      "resolved": "https://registry.npmjs.org/node-getopt/-/node-getopt-0.2.4.tgz",
      "integrity": "sha512-06LC4wHO+nyH0J07dUzFsZTVZMsMMKTkXo8BUTmuYbJhbsKX2cVDn2xADoFqjbnBYThVlGSlaM10CDyEi+48Iw=="
    },
    "pegjs": {
      "version": "0.10.0",
      "resolved": "https://registry.npmjs.org/pegjs/-/pegjs-0.10.0.tgz",
      "integrity": "sha1-z4uvrm7d/0tafvsYUmnqr0YQ3b0=",
      "dev": true
    },
    "pegjs-backtrace": {
      "version": "0.2.0",
      "resolved": "https://registry.npmjs.org/pegjs-backtrace/-/pegjs-backtrace-0.2.0.tgz",
      "integrity": "sha512-wWczRCecnPlAdSc6Sfqb+3RY89Rhfcxud6+45tuN6f2BNJDd0vQaHIC4TggdlLfMrlhhy37MhznV+Axj2k7xyQ==",
      "dev": true
    },
    "pegjs-strip": {
      "version": "0.1.5",
      "resolved": "https://registry.npmjs.org/pegjs-strip/-/pegjs-strip-0.1.5.tgz",
      "integrity": "sha1-JFQ2J7nYyGWTwgyd/3RilDY40os=",
      "requires": {
        "node-getopt": "^0.2.3"
      }
    },
    "prettier": {
      "version": "2.0.2",
      "resolved": "https://registry.npmjs.org/prettier/-/prettier-2.0.2.tgz",
      "integrity": "sha512-5xJQIPT8BraI7ZnaDwSbu5zLrB6vvi8hVV58yHQ+QK64qrY40dULy0HSRlQ2/2IdzeBpjhDkqdcFBnFeDEMVdg==",
      "dev": true
    },
    "regenerator-runtime": {
      "version": "0.13.5",
      "resolved": "https://registry.npmjs.org/regenerator-runtime/-/regenerator-runtime-0.13.5.tgz",
      "integrity": "sha512-ZS5w8CpKFinUzOwW3c83oPeVXoNsrLsaCoLtJvAClH135j/R77RuymhiSErhm2lKcwSCIpmvIWSbDkIfAqKQlA==",
      "dev": true
    },
    "yaml": {
      "version": "1.8.3",
      "resolved": "https://registry.npmjs.org/yaml/-/yaml-1.8.3.tgz",
      "integrity": "sha512-X/v7VDnK+sxbQ2Imq4Jt2PRUsRsP7UcpSl3Llg6+NRRqWLIvxkMFYtH1FmvwNGYRKKPa+EPA4qDBlI9WVG1UKw==",
      "dev": true,
      "requires": {
        "@babel/runtime": "^7.8.7"
      }
    }
  }
}
