{
  "object": {
    "pins": [
      {
        "package": "SwiftPath",
        "repositoryURL": "https://github.com/g-mark/SwiftPath.git",
        "state": {
          "branch": "develop",
          "revision": "462de25925fcf03fe61b0022ed1ff19180cf8a83",
          "version": null
        }
      }
    ]
  },
  "version": 1
}
