{"1.2.0",
[{<<"ejsonpath">>,{pkg,<<"ejsonpath">>,<<"0.2.1">>},0},
 {<<"jiffy">>,{pkg,<<"jiffy">>,<<"1.0.8">>},0}]}.
[
{pkg_hash,[
 {<<"ejsonpath">>, <<"E60F9FC3CA1D26407DB107DAAF40649BEE86AADDAE6004E7EAAE588752F318D7">>},
 {<<"jiffy">>, <<"60E36F00BE35E5AC6E6CF2D4CAF3BDF3103D4460AFF385F543A8D7DF2D6D9613">>}]},
{pkg_hash_ext,[
 {<<"ejsonpath">>, <<"3CF8547C4625AB97F69B2E6D80A981B018DB7037D1BE9F565B044FDDDE4FC2F1">>},
 {<<"jiffy">>, <<"F9AE986BA5A0854EB48CF6A76192D9367086DA86C20197DA430630BE7C087A4E">>}]}
].
