{
  "name": "javascript_swaggerexpert-jsonpath",
  "version": "1.0.0",
  "lockfileVersion": 3,
  "requires": true,
  "packages": {
    "": {
      "name": "javascript_swaggerexpert-jsonpath",
      "version": "1.0.0",
      "license": "ISC",
      "dependencies": {
        "@swaggerexpert/jsonpath": "^4.0.3"
      }
    },
    "node_modules/@swaggerexpert/jsonpath": {
      "version": "4.0.3",
      "resolved": "https://registry.npmjs.org/@swaggerexpert/jsonpath/-/jsonpath-4.0.3.tgz",
      "integrity": "sha512-ttXX1KATYGCdQbvXOAq7WN9WQ5Dx2Wshgj2M1dG4oARyPH5puxCVsAzB5qsz/2K08cJ6kNY6iOk6AlSj5zK/8g==",
      "dependencies": {
        "apg-lite": "^1.0.5"
      },
      "engines": {
        "node": ">=16.14.0"
      }
    },
    "node_modules/apg-lite": {
      "version": "1.0.5",
      "resolved": "https://registry.npmjs.org/apg-lite/-/apg-lite-1.0.5.tgz",
      "integrity": "sha512-SlI+nLMQDzCZfS39ihzjGp3JNBQfJXyMi6cg9tkLOCPVErgFsUIAEdO9IezR7kbP5Xd0ozcPNQBkf9TO5cHgWw=="
    }
  }
}
