github.com/ohler55/ojg v1.4.0 h1:MpvFngWbF2UdTT8OcBgPrd29KgMTa884McQhafaCkaM=
github.com/ohler55/ojg v1.4.0/go.mod h1:IgbYT58l2k6qnqchujchYshF7g6P9uJWZ5nLErRyTlg=
github.com/ohler55/ojg v1.4.1 h1:N80WvE5Fj2jQeeiIQ+XQsJUDg9OBV3v3ftZEmbzeQew=
github.com/ohler55/ojg v1.4.1/go.mod h1:IgbYT58l2k6qnqchujchYshF7g6P9uJWZ5nLErRyTlg=
github.com/ohler55/ojg v1.5.0 h1:8zwqSK+HAf4zWQt0iI/shLdfaAAmsoXR9naBHUTHwGE=
github.com/ohler55/ojg v1.5.0/go.mod h1:IgbYT58l2k6qnqchujchYshF7g6P9uJWZ5nLErRyTlg=
