github.com/davecgh/go-spew v1.1.0/go.mod h1:J7Y8YcW2NihsgmVo/mv3lAwl/skON4iLHjSsI+c5H38=
github.com/ohler55/ojg v1.4.0 h1:MpvFngWbF2UdTT8OcBgPrd29KgMTa884McQhafaCkaM=
github.com/ohler55/ojg v1.4.0/go.mod h1:IgbYT58l2k6qnqchujchYshF7g6P9uJWZ5nLErRyTlg=
github.com/ohler55/ojg v1.4.1 h1:N80WvE5Fj2jQeeiIQ+XQsJUDg9OBV3v3ftZEmbzeQew=
github.com/ohler55/ojg v1.4.1/go.mod h1:IgbYT58l2k6qnqchujchYshF7g6P9uJWZ5nLErRyTlg=
github.com/ohler55/ojg v1.5.0 h1:8zwqSK+HAf4zWQt0iI/shLdfaAAmsoXR9naBHUTHwGE=
github.com/ohler55/ojg v1.5.0/go.mod h1:IgbYT58l2k6qnqchujchYshF7g6P9uJWZ5nLErRyTlg=
github.com/ohler55/ojg v1.7.1 h1:sfQZL0LRN6ebpm7xbd5GKa+Jm5LW7MI0as5HSkcBbdA=
github.com/ohler55/ojg v1.7.1/go.mod h1:IgbYT58l2k6qnqchujchYshF7g6P9uJWZ5nLErRyTlg=
github.com/ohler55/ojg v1.9.0 h1:OAnbIi6JpEAh4zG3ALD8BRKd1dqUbYsR7aYpzTb47QY=
github.com/ohler55/ojg v1.9.0/go.mod h1:IgbYT58l2k6qnqchujchYshF7g6P9uJWZ5nLErRyTlg=
github.com/ohler55/ojg v1.9.5 h1:V795EbRunB0RWgX4f3We2PfkKtetCquiGRp0NeJDPRE=
github.com/ohler55/ojg v1.9.5/go.mod h1:DipxaGtQkxd8U67rc3s5ugRGmaHQW7YfJlN7xAaXu5U=
github.com/ohler55/ojg v1.12.0 h1:mvqbmI7DB2jnH5AXiQ7PFgY1arLuThyy5a8DDMCryR8=
github.com/ohler55/ojg v1.12.0/go.mod h1:DipxaGtQkxd8U67rc3s5ugRGmaHQW7YfJlN7xAaXu5U=
github.com/ohler55/ojg v1.12.5 h1:7NmIMFs4v6PTyqY8X6MuiJEqLHwceESqpNBdF2ghujA=
github.com/ohler55/ojg v1.12.5/go.mod h1:LBbIVRAgoFbYBXQhRhuEpaJIqq+goSO63/FQ+nyJU88=
github.com/ohler55/ojg v1.12.7 h1:fpJxlCxonOtwoCxk9M97sy6wGZiL02VkTNC2Mce2GOM=
github.com/ohler55/ojg v1.12.7/go.mod h1:LBbIVRAgoFbYBXQhRhuEpaJIqq+goSO63/FQ+nyJU88=
github.com/ohler55/ojg v1.12.8 h1:0+OW0MXdi10gx9qUMBrOnrVzYeMw3jjQjqzIfO+DG0U=
github.com/ohler55/ojg v1.12.8/go.mod h1:LBbIVRAgoFbYBXQhRhuEpaJIqq+goSO63/FQ+nyJU88=
github.com/ohler55/ojg v1.12.9 h1:HIHORjvA/i2IyDGgf9zzkFZc0yhEZIi3Tte+m+XBzTs=
github.com/ohler55/ojg v1.12.9/go.mod h1:LBbIVRAgoFbYBXQhRhuEpaJIqq+goSO63/FQ+nyJU88=
github.com/ohler55/ojg v1.12.11 h1:14dL4ZZ4OYtPfXJjg8c6mNjKlw08c2SuuEnR9biLP90=
github.com/ohler55/ojg v1.12.11/go.mod h1:LBbIVRAgoFbYBXQhRhuEpaJIqq+goSO63/FQ+nyJU88=
github.com/ohler55/ojg v1.12.12 h1:hepbQFn7GHAecTPmwS3j5dCiOLsOpzPLvhiqnlAVAoE=
github.com/ohler55/ojg v1.12.12/go.mod h1:LBbIVRAgoFbYBXQhRhuEpaJIqq+goSO63/FQ+nyJU88=
github.com/ohler55/ojg v1.14.0 h1:DyHomsCwofNswmKj7BLMdx51xnKbXxgIo1rVWCaBcNk=
github.com/ohler55/ojg v1.14.0/go.mod h1:3+GH+0PggMKocQtbZCrFifal3yRpHiBT4QUkxFJI6e8=
github.com/ohler55/ojg v1.14.3 h1:kaKNsntZ0PuoXPXCY4kjPDbHOLXqokor6Deq/oVxAR0=
github.com/ohler55/ojg v1.14.3/go.mod h1:/Y5dGWkekv9ocnUixuETqiL58f+5pAsUfg5P8e7Pa2o=
github.com/ohler55/ojg v1.14.4 h1:L2ds8AlB5t/QbqSfhRwvagJzQ7pgmdrefMIypQs0Xik=
github.com/ohler55/ojg v1.14.4/go.mod h1:7Ghirupn8NC8hSSDpI0gcjorPxj+vSVIONDWfliHR1k=
github.com/ohler55/ojg v1.14.5 h1:xCX2oyh/ZaoesbLH6fwVHStSJpk4o4eJs8ttXutzdg0=
github.com/ohler55/ojg v1.14.5/go.mod h1:7Ghirupn8NC8hSSDpI0gcjorPxj+vSVIONDWfliHR1k=
github.com/ohler55/ojg v1.16.0 h1:JQMJp/ygkak1YiGFB2ohbks2Y6BAE061i5cq5fECiVA=
github.com/ohler55/ojg v1.16.0/go.mod h1:7Ghirupn8NC8hSSDpI0gcjorPxj+vSVIONDWfliHR1k=
github.com/ohler55/ojg v1.17.5 h1:SY6/cdhVzsLinNFIBRNSWhJgihvEWco5Y0TJe46XJ1Y=
github.com/ohler55/ojg v1.17.5/go.mod h1:7Ghirupn8NC8hSSDpI0gcjorPxj+vSVIONDWfliHR1k=
github.com/ohler55/ojg v1.19.1 h1:ruSyx+OGrE2HvJgUvtDWiqHJFfMs6e7IM0yZhcrs3NU=
github.com/ohler55/ojg v1.19.1/go.mod h1:uHcD1ErbErC27Zhb5Df2jUjbseLLcmOCo6oxSr3jZxo=
github.com/pmezard/go-difflib v1.0.0/go.mod h1:iKH77koFhYxTK1pcRnkKkqfTogsbg7gZNVY4sRDYZ/4=
github.com/stretchr/objx v0.1.0/go.mod h1:HFkY916IF+rwdDfMAkV7OtwuqBVzrE8GR6GFx+wExME=
github.com/stretchr/testify v1.7.0/go.mod h1:6Fq8oRcR53rry900zMqJjRRixrwX3KX962/h/Wwjteg=
gopkg.in/check.v1 v0.0.0-20161208181325-20d25e280405/go.mod h1:Co6ibVJAznAaIkqp8huTwlJQCZ016jof/cbN4VW5Yz0=
gopkg.in/yaml.v3 v3.0.0-20200313102051-9f266ea9e77c/go.mod h1:K4uyk7z7BCEPqu6E+C64Yfv1cQ7kz7rIZviUmN+EgEM=
