github.com/ohler55/ojg v1.4.0 h1:MpvFngWbF2UdTT8OcBgPrd29KgMTa884McQhafaCkaM=
github.com/ohler55/ojg v1.4.0/go.mod h1:IgbYT58l2k6qnqchujchYshF7g6P9uJWZ5nLErRyTlg=
github.com/ohler55/ojg v1.4.1 h1:N80WvE5Fj2jQeeiIQ+XQsJUDg9OBV3v3ftZEmbzeQew=
github.com/ohler55/ojg v1.4.1/go.mod h1:IgbYT58l2k6qnqchujchYshF7g6P9uJWZ5nLErRyTlg=
github.com/ohler55/ojg v1.5.0 h1:8zwqSK+HAf4zWQt0iI/shLdfaAAmsoXR9naBHUTHwGE=
github.com/ohler55/ojg v1.5.0/go.mod h1:IgbYT58l2k6qnqchujchYshF7g6P9uJWZ5nLErRyTlg=
github.com/ohler55/ojg v1.7.1 h1:sfQZL0LRN6ebpm7xbd5GKa+Jm5LW7MI0as5HSkcBbdA=
github.com/ohler55/ojg v1.7.1/go.mod h1:IgbYT58l2k6qnqchujchYshF7g6P9uJWZ5nLErRyTlg=
github.com/ohler55/ojg v1.9.0 h1:OAnbIi6JpEAh4zG3ALD8BRKd1dqUbYsR7aYpzTb47QY=
github.com/ohler55/ojg v1.9.0/go.mod h1:IgbYT58l2k6qnqchujchYshF7g6P9uJWZ5nLErRyTlg=
github.com/ohler55/ojg v1.9.5 h1:V795EbRunB0RWgX4f3We2PfkKtetCquiGRp0NeJDPRE=
github.com/ohler55/ojg v1.9.5/go.mod h1:DipxaGtQkxd8U67rc3s5ugRGmaHQW7YfJlN7xAaXu5U=
github.com/ohler55/ojg v1.12.0 h1:mvqbmI7DB2jnH5AXiQ7PFgY1arLuThyy5a8DDMCryR8=
github.com/ohler55/ojg v1.12.0/go.mod h1:DipxaGtQkxd8U67rc3s5ugRGmaHQW7YfJlN7xAaXu5U=
github.com/ohler55/ojg v1.12.5 h1:7NmIMFs4v6PTyqY8X6MuiJEqLHwceESqpNBdF2ghujA=
github.com/ohler55/ojg v1.12.5/go.mod h1:LBbIVRAgoFbYBXQhRhuEpaJIqq+goSO63/FQ+nyJU88=
github.com/ohler55/ojg v1.12.7 h1:fpJxlCxonOtwoCxk9M97sy6wGZiL02VkTNC2Mce2GOM=
github.com/ohler55/ojg v1.12.7/go.mod h1:LBbIVRAgoFbYBXQhRhuEpaJIqq+goSO63/FQ+nyJU88=
